// !$*UTF8*$!
{
	archiveVersion = 1;
	classes = {
	};
	objectVersion = 53;
	objects = {

/* Begin PBXBuildFile section */
		0FD99B0990C69B8CCEDF3AB0 /* Pods_UberGenPass.framework in Frameworks */ = {isa = PBXBuildFile; fileRef = 763A3D05051BD244BC5DE1A5 /* Pods_UberGenPass.framework */; };
		4D26F5EA1B7405E400CCEE62 /* NSData+CommonCrypto.m in Sources */ = {isa = PBXBuildFile; fileRef = 4D26F5E91B7405E400CCEE62 /* NSData+CommonCrypto.m */; };
		4D26F5ED1B7407F300CCEE62 /* Constants.swift in Sources */ = {isa = PBXBuildFile; fileRef = 4D26F5EC1B7407F300CCEE62 /* Constants.swift */; };
		4D56C0971B74568500E76B4E /* GreenStatus.png in Resources */ = {isa = PBXBuildFile; fileRef = 4D56C08F1B74568500E76B4E /* GreenStatus.png */; };
		4D56C0981B74568500E76B4E /* help.css in Resources */ = {isa = PBXBuildFile; fileRef = 4D56C0901B74568500E76B4E /* help.css */; };
		4D56C09B1B74568500E76B4E /* RedStatus.png in Resources */ = {isa = PBXBuildFile; fileRef = 4D56C0931B74568500E76B4E /* RedStatus.png */; };
		4D56C09C1B74568500E76B4E /* TopLevelDomains.json in Resources */ = {isa = PBXBuildFile; fileRef = 4D56C0941B74568500E76B4E /* TopLevelDomains.json */; };
		4D56C09D1B74568500E76B4E /* UserDefaults.plist in Resources */ = {isa = PBXBuildFile; fileRef = 4D56C0951B74568500E76B4E /* UserDefaults.plist */; };
		4D56C09E1B74568500E76B4E /* YellowStatus.png in Resources */ = {isa = PBXBuildFile; fileRef = 4D56C0961B74568500E76B4E /* YellowStatus.png */; };
		4D6657E51B76D5F70035E817 /* AppViewController.swift in Sources */ = {isa = PBXBuildFile; fileRef = 4D6657E41B76D5F70035E817 /* AppViewController.swift */; };
		4D6657E71B7908A90035E817 /* PasswordsViewController.swift in Sources */ = {isa = PBXBuildFile; fileRef = 4D6657E61B7908A90035E817 /* PasswordsViewController.swift */; };
		4D766A871B79358A00F40018 /* About.html in Resources */ = {isa = PBXBuildFile; fileRef = 4D766A7D1B79358A00F40018 /* About.html */; };
		4D766A891B79358A00F40018 /* MainHelp.html in Resources */ = {isa = PBXBuildFile; fileRef = 4D766A811B79358A00F40018 /* MainHelp.html */; };
		4D766A8A1B79358A00F40018 /* PasswordsHelp.html in Resources */ = {isa = PBXBuildFile; fileRef = 4D766A831B79358A00F40018 /* PasswordsHelp.html */; };
		4D766A8B1B79358A00F40018 /* SettingsHelp.html in Resources */ = {isa = PBXBuildFile; fileRef = 4D766A851B79358A00F40018 /* SettingsHelp.html */; };
		4D7D31531B7A373F00AB54CF /* LabelStepper.swift in Sources */ = {isa = PBXBuildFile; fileRef = 4D7D31521B7A373F00AB54CF /* LabelStepper.swift */; };
		4D8DE75E1B72D20300DFFA18 /* AppDelegate.swift in Sources */ = {isa = PBXBuildFile; fileRef = 4D8DE75D1B72D20300DFFA18 /* AppDelegate.swift */; };
		4D8DE7631B72D20300DFFA18 /* Main.storyboard in Resources */ = {isa = PBXBuildFile; fileRef = 4D8DE7611B72D20300DFFA18 /* Main.storyboard */; };
		4D8DE7651B72D20300DFFA18 /* Assets.xcassets in Resources */ = {isa = PBXBuildFile; fileRef = 4D8DE7641B72D20300DFFA18 /* Assets.xcassets */; };
		4D8DE7681B72D20300DFFA18 /* LaunchScreen.storyboard in Resources */ = {isa = PBXBuildFile; fileRef = 4D8DE7661B72D20300DFFA18 /* LaunchScreen.storyboard */; };
		4D8DE77E1B72D20300DFFA18 /* UberGenPassUITests.swift in Sources */ = {isa = PBXBuildFile; fileRef = 4D8DE77D1B72D20300DFFA18 /* UberGenPassUITests.swift */; };
		4DAB216A1B75142D000A68F0 /* MainViewController.swift in Sources */ = {isa = PBXBuildFile; fileRef = 4DAB21691B75142D000A68F0 /* MainViewController.swift */; };
		4DAB216C1B757117000A68F0 /* AboutViewController.swift in Sources */ = {isa = PBXBuildFile; fileRef = 4DAB216B1B757117000A68F0 /* AboutViewController.swift */; };
		4DAB216E1B757591000A68F0 /* HelpViewController.swift in Sources */ = {isa = PBXBuildFile; fileRef = 4DAB216D1B757591000A68F0 /* HelpViewController.swift */; };
		4DAB21701B758E8C000A68F0 /* SettingsViewController.swift in Sources */ = {isa = PBXBuildFile; fileRef = 4DAB216F1B758E8C000A68F0 /* SettingsViewController.swift */; };
		4DAB21731B759070000A68F0 /* StatusImageView.swift in Sources */ = {isa = PBXBuildFile; fileRef = 4DAB21721B759070000A68F0 /* StatusImageView.swift */; };
		4DB56FC41B72D2A900FBD858 /* PasswordGenerator.swift in Sources */ = {isa = PBXBuildFile; fileRef = 4DB56FC31B72D2A900FBD858 /* PasswordGenerator.swift */; };
		4DB91D381B730D7800FCC77E /* PasswordGeneratorTests.swift in Sources */ = {isa = PBXBuildFile; fileRef = 4DB91D371B730D7800FCC77E /* PasswordGeneratorTests.swift */; };
		4DB91D3A1B730D9F00FCC77E /* KeychainTests.swift in Sources */ = {isa = PBXBuildFile; fileRef = 4DB91D391B730D9F00FCC77E /* KeychainTests.swift */; };
		4DE172D11B7ADEA800162A42 /* Localizable.strings in Resources */ = {isa = PBXBuildFile; fileRef = 4DE172CF1B7ADEA800162A42 /* Localizable.strings */; };
/* End PBXBuildFile section */

/* Begin PBXContainerItemProxy section */
		4D8DE76F1B72D20300DFFA18 /* PBXContainerItemProxy */ = {
			isa = PBXContainerItemProxy;
			containerPortal = 4D8DE7521B72D20300DFFA18 /* Project object */;
			proxyType = 1;
			remoteGlobalIDString = 4D8DE7591B72D20300DFFA18;
			remoteInfo = UberGenPass;
		};
		4D8DE77A1B72D20300DFFA18 /* PBXContainerItemProxy */ = {
			isa = PBXContainerItemProxy;
			containerPortal = 4D8DE7521B72D20300DFFA18 /* Project object */;
			proxyType = 1;
			remoteGlobalIDString = 4D8DE7591B72D20300DFFA18;
			remoteInfo = UberGenPass;
		};
/* End PBXContainerItemProxy section */

/* Begin PBXFileReference section */
		130277A169D00491226983A8 /* Pods-UberGenPass.release.xcconfig */ = {isa = PBXFileReference; includeInIndex = 1; lastKnownFileType = text.xcconfig; name = "Pods-UberGenPass.release.xcconfig"; path = "Target Support Files/Pods-UberGenPass/Pods-UberGenPass.release.xcconfig"; sourceTree = "<group>"; };
		4D26F5E71B7405E400CCEE62 /* UberGenPass-Bridging-Header.h */ = {isa = PBXFileReference; lastKnownFileType = sourcecode.c.h; path = "UberGenPass-Bridging-Header.h"; sourceTree = "<group>"; };
		4D26F5E81B7405E400CCEE62 /* NSData+CommonCrypto.h */ = {isa = PBXFileReference; fileEncoding = 4; lastKnownFileType = sourcecode.c.h; path = "NSData+CommonCrypto.h"; sourceTree = "<group>"; };
		4D26F5E91B7405E400CCEE62 /* NSData+CommonCrypto.m */ = {isa = PBXFileReference; fileEncoding = 4; lastKnownFileType = sourcecode.c.objc; path = "NSData+CommonCrypto.m"; sourceTree = "<group>"; };
		4D26F5EC1B7407F300CCEE62 /* Constants.swift */ = {isa = PBXFileReference; fileEncoding = 4; lastKnownFileType = sourcecode.swift; path = Constants.swift; sourceTree = "<group>"; };
		4D56C08F1B74568500E76B4E /* GreenStatus.png */ = {isa = PBXFileReference; lastKnownFileType = image.png; path = GreenStatus.png; sourceTree = "<group>"; };
		4D56C0901B74568500E76B4E /* help.css */ = {isa = PBXFileReference; fileEncoding = 4; lastKnownFileType = text.css; path = help.css; sourceTree = "<group>"; };
		4D56C0931B74568500E76B4E /* RedStatus.png */ = {isa = PBXFileReference; lastKnownFileType = image.png; path = RedStatus.png; sourceTree = "<group>"; };
		4D56C0941B74568500E76B4E /* TopLevelDomains.json */ = {isa = PBXFileReference; fileEncoding = 4; lastKnownFileType = text.json; path = TopLevelDomains.json; sourceTree = "<group>"; };
		4D56C0951B74568500E76B4E /* UserDefaults.plist */ = {isa = PBXFileReference; fileEncoding = 4; lastKnownFileType = text.plist.xml; path = UserDefaults.plist; sourceTree = "<group>"; };
		4D56C0961B74568500E76B4E /* YellowStatus.png */ = {isa = PBXFileReference; lastKnownFileType = image.png; path = YellowStatus.png; sourceTree = "<group>"; };
		4D6657E41B76D5F70035E817 /* AppViewController.swift */ = {isa = PBXFileReference; fileEncoding = 4; lastKnownFileType = sourcecode.swift; path = AppViewController.swift; sourceTree = "<group>"; };
		4D6657E61B7908A90035E817 /* PasswordsViewController.swift */ = {isa = PBXFileReference; fileEncoding = 4; lastKnownFileType = sourcecode.swift; path = PasswordsViewController.swift; sourceTree = "<group>"; };
		4D766A7E1B79358A00F40018 /* Base */ = {isa = PBXFileReference; lastKnownFileType = text.html; name = Base; path = UberGenPass/Base.lproj/About.html; sourceTree = SOURCE_ROOT; };
		4D766A821B79358A00F40018 /* Base */ = {isa = PBXFileReference; lastKnownFileType = text.html; name = Base; path = UberGenPass/Base.lproj/MainHelp.html; sourceTree = SOURCE_ROOT; };
		4D766A841B79358A00F40018 /* Base */ = {isa = PBXFileReference; lastKnownFileType = text.html; name = Base; path = UberGenPass/Base.lproj/PasswordsHelp.html; sourceTree = SOURCE_ROOT; };
		4D766A861B79358A00F40018 /* Base */ = {isa = PBXFileReference; lastKnownFileType = text.html; name = Base; path = UberGenPass/Base.lproj/SettingsHelp.html; sourceTree = SOURCE_ROOT; };
		4D7D31521B7A373F00AB54CF /* LabelStepper.swift */ = {isa = PBXFileReference; fileEncoding = 4; lastKnownFileType = sourcecode.swift; path = LabelStepper.swift; sourceTree = "<group>"; };
		4D8DE75A1B72D20300DFFA18 /* UberGenPass.app */ = {isa = PBXFileReference; explicitFileType = wrapper.application; includeInIndex = 0; path = UberGenPass.app; sourceTree = BUILT_PRODUCTS_DIR; };
		4D8DE75D1B72D20300DFFA18 /* AppDelegate.swift */ = {isa = PBXFileReference; lastKnownFileType = sourcecode.swift; path = AppDelegate.swift; sourceTree = "<group>"; };
		4D8DE7621B72D20300DFFA18 /* Base */ = {isa = PBXFileReference; lastKnownFileType = file.storyboard; name = Base; path = Base.lproj/Main.storyboard; sourceTree = "<group>"; };
		4D8DE7641B72D20300DFFA18 /* Assets.xcassets */ = {isa = PBXFileReference; lastKnownFileType = folder.assetcatalog; name = Assets.xcassets; path = ../Assets.xcassets; sourceTree = "<group>"; };
		4D8DE7671B72D20300DFFA18 /* Base */ = {isa = PBXFileReference; lastKnownFileType = file.storyboard; name = Base; path = Base.lproj/LaunchScreen.storyboard; sourceTree = "<group>"; };
		4D8DE7691B72D20300DFFA18 /* Info.plist */ = {isa = PBXFileReference; lastKnownFileType = text.plist.xml; name = Info.plist; path = ../Info.plist; sourceTree = "<group>"; };
		4D8DE76E1B72D20300DFFA18 /* UberGenPassTests.xctest */ = {isa = PBXFileReference; explicitFileType = wrapper.cfbundle; includeInIndex = 0; path = UberGenPassTests.xctest; sourceTree = BUILT_PRODUCTS_DIR; };
		4D8DE7741B72D20300DFFA18 /* Info.plist */ = {isa = PBXFileReference; lastKnownFileType = text.plist.xml; path = Info.plist; sourceTree = "<group>"; };
		4D8DE7791B72D20300DFFA18 /* UberGenPassUITests.xctest */ = {isa = PBXFileReference; explicitFileType = wrapper.cfbundle; includeInIndex = 0; path = UberGenPassUITests.xctest; sourceTree = BUILT_PRODUCTS_DIR; };
		4D8DE77D1B72D20300DFFA18 /* UberGenPassUITests.swift */ = {isa = PBXFileReference; lastKnownFileType = sourcecode.swift; path = UberGenPassUITests.swift; sourceTree = "<group>"; };
		4D8DE77F1B72D20300DFFA18 /* Info.plist */ = {isa = PBXFileReference; lastKnownFileType = text.plist.xml; path = Info.plist; sourceTree = "<group>"; };
		4DAB21691B75142D000A68F0 /* MainViewController.swift */ = {isa = PBXFileReference; fileEncoding = 4; lastKnownFileType = sourcecode.swift; path = MainViewController.swift; sourceTree = "<group>"; };
		4DAB216B1B757117000A68F0 /* AboutViewController.swift */ = {isa = PBXFileReference; fileEncoding = 4; lastKnownFileType = sourcecode.swift; path = AboutViewController.swift; sourceTree = "<group>"; };
		4DAB216D1B757591000A68F0 /* HelpViewController.swift */ = {isa = PBXFileReference; fileEncoding = 4; lastKnownFileType = sourcecode.swift; path = HelpViewController.swift; sourceTree = "<group>"; };
		4DAB216F1B758E8C000A68F0 /* SettingsViewController.swift */ = {isa = PBXFileReference; fileEncoding = 4; lastKnownFileType = sourcecode.swift; path = SettingsViewController.swift; sourceTree = "<group>"; };
		4DAB21721B759070000A68F0 /* StatusImageView.swift */ = {isa = PBXFileReference; fileEncoding = 4; lastKnownFileType = sourcecode.swift; path = StatusImageView.swift; sourceTree = "<group>"; };
		4DB56FC31B72D2A900FBD858 /* PasswordGenerator.swift */ = {isa = PBXFileReference; fileEncoding = 4; lastKnownFileType = sourcecode.swift; path = PasswordGenerator.swift; sourceTree = "<group>"; };
		4DB91D371B730D7800FCC77E /* PasswordGeneratorTests.swift */ = {isa = PBXFileReference; fileEncoding = 4; lastKnownFileType = sourcecode.swift; name = PasswordGeneratorTests.swift; path = UberGenPassTests/PasswordGeneratorTests.swift; sourceTree = SOURCE_ROOT; };
		4DB91D391B730D9F00FCC77E /* KeychainTests.swift */ = {isa = PBXFileReference; fileEncoding = 4; lastKnownFileType = sourcecode.swift; name = KeychainTests.swift; path = UberGenPassTests/KeychainTests.swift; sourceTree = SOURCE_ROOT; };
		4DE172D01B7ADEA800162A42 /* Base */ = {isa = PBXFileReference; lastKnownFileType = text.plist.strings; name = Base; path = Base.lproj/Localizable.strings; sourceTree = "<group>"; };
		763A3D05051BD244BC5DE1A5 /* Pods_UberGenPass.framework */ = {isa = PBXFileReference; explicitFileType = wrapper.framework; includeInIndex = 0; path = Pods_UberGenPass.framework; sourceTree = BUILT_PRODUCTS_DIR; };
		C36C66A67C4EFA2662918AE8 /* Pods-UberGenPass.debug.xcconfig */ = {isa = PBXFileReference; includeInIndex = 1; lastKnownFileType = text.xcconfig; name = "Pods-UberGenPass.debug.xcconfig"; path = "Target Support Files/Pods-UberGenPass/Pods-UberGenPass.debug.xcconfig"; sourceTree = "<group>"; };
/* End PBXFileReference section */

/* Begin PBXFrameworksBuildPhase section */
		10D58EE4485A928DF272142A /* Frameworks */ = {
			isa = PBXFrameworksBuildPhase;
			buildActionMask = 2147483647;
			files = (
				0FD99B0990C69B8CCEDF3AB0 /* Pods_UberGenPass.framework in Frameworks */,
			);
			runOnlyForDeploymentPostprocessing = 0;
		};
		4D8DE76B1B72D20300DFFA18 /* Frameworks */ = {
			isa = PBXFrameworksBuildPhase;
			buildActionMask = 2147483647;
			files = (
			);
			runOnlyForDeploymentPostprocessing = 0;
		};
		4D8DE7761B72D20300DFFA18 /* Frameworks */ = {
			isa = PBXFrameworksBuildPhase;
			buildActionMask = 2147483647;
			files = (
			);
			runOnlyForDeploymentPostprocessing = 0;
		};
/* End PBXFrameworksBuildPhase section */

/* Begin PBXGroup section */
		4D26F5EB1B74061200CCEE62 /* Headers */ = {
			isa = PBXGroup;
			children = (
				4D26F5E71B7405E400CCEE62 /* UberGenPass-Bridging-Header.h */,
				4D26F5E81B7405E400CCEE62 /* NSData+CommonCrypto.h */,
			);
			name = Headers;
			sourceTree = "<group>";
		};
		4D56C08E1B74568500E76B4E /* Resources */ = {
			isa = PBXGroup;
			children = (
				4D766A7D1B79358A00F40018 /* About.html */,
				4D8DE7641B72D20300DFFA18 /* Assets.xcassets */,
				4D56C08F1B74568500E76B4E /* GreenStatus.png */,
				4D56C0901B74568500E76B4E /* help.css */,
				4D8DE7691B72D20300DFFA18 /* Info.plist */,
				4D8DE7661B72D20300DFFA18 /* LaunchScreen.storyboard */,
				4DE172CF1B7ADEA800162A42 /* Localizable.strings */,
				4D766A811B79358A00F40018 /* MainHelp.html */,
				4D766A831B79358A00F40018 /* PasswordsHelp.html */,
				4D56C0931B74568500E76B4E /* RedStatus.png */,
				4D766A851B79358A00F40018 /* SettingsHelp.html */,
				4D56C0941B74568500E76B4E /* TopLevelDomains.json */,
				4D56C0951B74568500E76B4E /* UserDefaults.plist */,
				4D56C0961B74568500E76B4E /* YellowStatus.png */,
			);
			path = Resources;
			sourceTree = "<group>";
		};
		4D6657E31B76D5AA0035E817 /* Extensions */ = {
			isa = PBXGroup;
			children = (
				4D26F5E91B7405E400CCEE62 /* NSData+CommonCrypto.m */,
			);
			name = Extensions;
			sourceTree = "<group>";
		};
		4D8DE7511B72D20300DFFA18 = {
			isa = PBXGroup;
			children = (
				4D8DE75C1B72D20300DFFA18 /* UberGenPass */,
				4D8DE7711B72D20300DFFA18 /* UberGenPassTests */,
				4D8DE77C1B72D20300DFFA18 /* UberGenPassUITests */,
				4D8DE75B1B72D20300DFFA18 /* Products */,
				ED7172B2BD903F29A7E1C68C /* Frameworks */,
				7C46D112EC977D52237D1530 /* Pods */,
			);
			sourceTree = "<group>";
		};
		4D8DE75B1B72D20300DFFA18 /* Products */ = {
			isa = PBXGroup;
			children = (
				4D8DE75A1B72D20300DFFA18 /* UberGenPass.app */,
				4D8DE76E1B72D20300DFFA18 /* UberGenPassTests.xctest */,
				4D8DE7791B72D20300DFFA18 /* UberGenPassUITests.xctest */,
			);
			name = Products;
			sourceTree = "<group>";
		};
		4D8DE75C1B72D20300DFFA18 /* UberGenPass */ = {
			isa = PBXGroup;
			children = (
				4D8DE75D1B72D20300DFFA18 /* AppDelegate.swift */,
				4D8DE7611B72D20300DFFA18 /* Main.storyboard */,
				4DAB21681B7513FE000A68F0 /* Controllers */,
				4D6657E31B76D5AA0035E817 /* Extensions */,
				4DB56FC21B72D25100FBD858 /* Utilities */,
				4DAB21711B759053000A68F0 /* Views */,
				4D26F5EB1B74061200CCEE62 /* Headers */,
				4D56C08E1B74568500E76B4E /* Resources */,
			);
			path = UberGenPass;
			sourceTree = "<group>";
		};
		4D8DE7711B72D20300DFFA18 /* UberGenPassTests */ = {
			isa = PBXGroup;
			children = (
				4DB91D391B730D9F00FCC77E /* KeychainTests.swift */,
				4DB91D371B730D7800FCC77E /* PasswordGeneratorTests.swift */,
				4D8DE7741B72D20300DFFA18 /* Info.plist */,
			);
			path = UberGenPassTests;
			sourceTree = "<group>";
		};
		4D8DE77C1B72D20300DFFA18 /* UberGenPassUITests */ = {
			isa = PBXGroup;
			children = (
				4D8DE77D1B72D20300DFFA18 /* UberGenPassUITests.swift */,
				4D8DE77F1B72D20300DFFA18 /* Info.plist */,
			);
			path = UberGenPassUITests;
			sourceTree = "<group>";
		};
		4DAB21681B7513FE000A68F0 /* Controllers */ = {
			isa = PBXGroup;
			children = (
				4DAB216B1B757117000A68F0 /* AboutViewController.swift */,
				4D6657E41B76D5F70035E817 /* AppViewController.swift */,
				4DAB216D1B757591000A68F0 /* HelpViewController.swift */,
				4DAB21691B75142D000A68F0 /* MainViewController.swift */,
				4DAB216F1B758E8C000A68F0 /* SettingsViewController.swift */,
				4D6657E61B7908A90035E817 /* PasswordsViewController.swift */,
			);
			name = Controllers;
			sourceTree = "<group>";
		};
		4DAB21711B759053000A68F0 /* Views */ = {
			isa = PBXGroup;
			children = (
				4D7D31521B7A373F00AB54CF /* LabelStepper.swift */,
				4DAB21721B759070000A68F0 /* StatusImageView.swift */,
			);
			name = Views;
			sourceTree = "<group>";
		};
		4DB56FC21B72D25100FBD858 /* Utilities */ = {
			isa = PBXGroup;
			children = (
				4D26F5EC1B7407F300CCEE62 /* Constants.swift */,
				4DB56FC31B72D2A900FBD858 /* PasswordGenerator.swift */,
			);
			name = Utilities;
			sourceTree = "<group>";
		};
		7C46D112EC977D52237D1530 /* Pods */ = {
			isa = PBXGroup;
			children = (
				C36C66A67C4EFA2662918AE8 /* Pods-UberGenPass.debug.xcconfig */,
				130277A169D00491226983A8 /* Pods-UberGenPass.release.xcconfig */,
			);
			path = Pods;
			sourceTree = "<group>";
		};
		ED7172B2BD903F29A7E1C68C /* Frameworks */ = {
			isa = PBXGroup;
			children = (
				763A3D05051BD244BC5DE1A5 /* Pods_UberGenPass.framework */,
			);
			name = Frameworks;
			sourceTree = "<group>";
		};
/* End PBXGroup section */

/* Begin PBXNativeTarget section */
		4D8DE7591B72D20300DFFA18 /* UberGenPass */ = {
			isa = PBXNativeTarget;
			buildConfigurationList = 4D8DE7821B72D20300DFFA18 /* Build configuration list for PBXNativeTarget "UberGenPass" */;
			buildPhases = (
				A2854EB1187FE94CBA711135 /* [CP] Check Pods Manifest.lock */,
				4D8DE7561B72D20300DFFA18 /* Sources */,
				4D8DE7581B72D20300DFFA18 /* Resources */,
				10D58EE4485A928DF272142A /* Frameworks */,
				928ECA66C8B10B6CE3180D96 /* [CP] Embed Pods Frameworks */,
			);
			buildRules = (
			);
			dependencies = (
			);
			name = UberGenPass;
			productName = UberGenPass;
			productReference = 4D8DE75A1B72D20300DFFA18 /* UberGenPass.app */;
			productType = "com.apple.product-type.application";
		};
		4D8DE76D1B72D20300DFFA18 /* UberGenPassTests */ = {
			isa = PBXNativeTarget;
			buildConfigurationList = 4D8DE7851B72D20300DFFA18 /* Build configuration list for PBXNativeTarget "UberGenPassTests" */;
			buildPhases = (
				4D8DE76A1B72D20300DFFA18 /* Sources */,
				4D8DE76B1B72D20300DFFA18 /* Frameworks */,
				4D8DE76C1B72D20300DFFA18 /* Resources */,
			);
			buildRules = (
			);
			dependencies = (
				4D8DE7701B72D20300DFFA18 /* PBXTargetDependency */,
			);
			name = UberGenPassTests;
			productName = UberGenPassTests;
			productReference = 4D8DE76E1B72D20300DFFA18 /* UberGenPassTests.xctest */;
			productType = "com.apple.product-type.bundle.unit-test";
		};
		4D8DE7781B72D20300DFFA18 /* UberGenPassUITests */ = {
			isa = PBXNativeTarget;
			buildConfigurationList = 4D8DE7881B72D20300DFFA18 /* Build configuration list for PBXNativeTarget "UberGenPassUITests" */;
			buildPhases = (
				4D8DE7751B72D20300DFFA18 /* Sources */,
				4D8DE7761B72D20300DFFA18 /* Frameworks */,
				4D8DE7771B72D20300DFFA18 /* Resources */,
			);
			buildRules = (
			);
			dependencies = (
				4D8DE77B1B72D20300DFFA18 /* PBXTargetDependency */,
			);
			name = UberGenPassUITests;
			productName = UberGenPassUITests;
			productReference = 4D8DE7791B72D20300DFFA18 /* UberGenPassUITests.xctest */;
			productType = "com.apple.product-type.bundle.ui-testing";
		};
/* End PBXNativeTarget section */

/* Begin PBXProject section */
		4D8DE7521B72D20300DFFA18 /* Project object */ = {
			isa = PBXProject;
			attributes = {
				BuildIndependentTargetsInParallel = YES;
				LastSwiftUpdateCheck = 0700;
				LastUpgradeCheck = 1430;
				ORGANIZATIONNAME = "Camazotz Limited";
				TargetAttributes = {
					4D8DE7591B72D20300DFFA18 = {
						CreatedOnToolsVersion = 7.0;
					};
					4D8DE76D1B72D20300DFFA18 = {
						CreatedOnToolsVersion = 7.0;
						TestTargetID = 4D8DE7591B72D20300DFFA18;
					};
					4D8DE7781B72D20300DFFA18 = {
						CreatedOnToolsVersion = 7.0;
						TestTargetID = 4D8DE7591B72D20300DFFA18;
					};
				};
			};
			buildConfigurationList = 4D8DE7551B72D20300DFFA18 /* Build configuration list for PBXProject "UberGenPass" */;
			compatibilityVersion = "Xcode 3.2";
			developmentRegion = en;
			hasScannedForEncodings = 0;
			knownRegions = (
				en,
				Base,
			);
			mainGroup = 4D8DE7511B72D20300DFFA18;
			productRefGroup = 4D8DE75B1B72D20300DFFA18 /* Products */;
			projectDirPath = "";
			projectRoot = "";
			targets = (
				4D8DE7591B72D20300DFFA18 /* UberGenPass */,
				4D8DE76D1B72D20300DFFA18 /* UberGenPassTests */,
				4D8DE7781B72D20300DFFA18 /* UberGenPassUITests */,
			);
		};
/* End PBXProject section */

/* Begin PBXResourcesBuildPhase section */
		4D8DE7581B72D20300DFFA18 /* Resources */ = {
			isa = PBXResourcesBuildPhase;
			buildActionMask = 2147483647;
			files = (
				4D766A871B79358A00F40018 /* About.html in Resources */,
				4D766A8A1B79358A00F40018 /* PasswordsHelp.html in Resources */,
				4D8DE7681B72D20300DFFA18 /* LaunchScreen.storyboard in Resources */,
				4D56C09D1B74568500E76B4E /* UserDefaults.plist in Resources */,
				4D56C0981B74568500E76B4E /* help.css in Resources */,
				4D8DE7651B72D20300DFFA18 /* Assets.xcassets in Resources */,
				4D8DE7631B72D20300DFFA18 /* Main.storyboard in Resources */,
				4D56C09C1B74568500E76B4E /* TopLevelDomains.json in Resources */,
				4D766A891B79358A00F40018 /* MainHelp.html in Resources */,
				4DE172D11B7ADEA800162A42 /* Localizable.strings in Resources */,
				4D56C09E1B74568500E76B4E /* YellowStatus.png in Resources */,
				4D56C0971B74568500E76B4E /* GreenStatus.png in Resources */,
				4D766A8B1B79358A00F40018 /* SettingsHelp.html in Resources */,
				4D56C09B1B74568500E76B4E /* RedStatus.png in Resources */,
			);
			runOnlyForDeploymentPostprocessing = 0;
		};
		4D8DE76C1B72D20300DFFA18 /* Resources */ = {
			isa = PBXResourcesBuildPhase;
			buildActionMask = 2147483647;
			files = (
			);
			runOnlyForDeploymentPostprocessing = 0;
		};
		4D8DE7771B72D20300DFFA18 /* Resources */ = {
			isa = PBXResourcesBuildPhase;
			buildActionMask = 2147483647;
			files = (
			);
			runOnlyForDeploymentPostprocessing = 0;
		};
/* End PBXResourcesBuildPhase section */

/* Begin PBXShellScriptBuildPhase section */
		928ECA66C8B10B6CE3180D96 /* [CP] Embed Pods Frameworks */ = {
			isa = PBXShellScriptBuildPhase;
			buildActionMask = 2147483647;
			files = (
			);
			inputPaths = (
				"${PODS_ROOT}/Target Support Files/Pods-UberGenPass/Pods-UberGenPass-frameworks.sh",
				"${BUILT_PRODUCTS_DIR}/KeychainAccess/KeychainAccess.framework",
			);
			name = "[CP] Embed Pods Frameworks";
			outputPaths = (
				"${TARGET_BUILD_DIR}/${FRAMEWORKS_FOLDER_PATH}/KeychainAccess.framework",
			);
			runOnlyForDeploymentPostprocessing = 0;
			shellPath = /bin/sh;
			shellScript = "\"${PODS_ROOT}/Target Support Files/Pods-UberGenPass/Pods-UberGenPass-frameworks.sh\"\n";
			showEnvVarsInLog = 0;
		};
		A2854EB1187FE94CBA711135 /* [CP] Check Pods Manifest.lock */ = {
			isa = PBXShellScriptBuildPhase;
			buildActionMask = 2147483647;
			files = (
			);
			inputFileListPaths = (
			);
			inputPaths = (
				"${PODS_PODFILE_DIR_PATH}/Podfile.lock",
				"${PODS_ROOT}/Manifest.lock",
			);
			name = "[CP] Check Pods Manifest.lock";
			outputFileListPaths = (
			);
			outputPaths = (
				"$(DERIVED_FILE_DIR)/Pods-UberGenPass-checkManifestLockResult.txt",
			);
			runOnlyForDeploymentPostprocessing = 0;
			shellPath = /bin/sh;
			shellScript = "diff \"${PODS_PODFILE_DIR_PATH}/Podfile.lock\" \"${PODS_ROOT}/Manifest.lock\" > /dev/null\nif [ $? != 0 ] ; then\n    # print error to STDERR\n    echo \"error: The sandbox is not in sync with the Podfile.lock. Run 'pod install' or update your CocoaPods installation.\" >&2\n    exit 1\nfi\n# This output is used by Xcode 'outputs' to avoid re-running this script phase.\necho \"SUCCESS\" > \"${SCRIPT_OUTPUT_FILE_0}\"\n";
			showEnvVarsInLog = 0;
		};
/* End PBXShellScriptBuildPhase section */

/* Begin PBXSourcesBuildPhase section */
		4D8DE7561B72D20300DFFA18 /* Sources */ = {
			isa = PBXSourcesBuildPhase;
			buildActionMask = 2147483647;
			files = (
				4DAB216A1B75142D000A68F0 /* MainViewController.swift in Sources */,
				4D6657E71B7908A90035E817 /* PasswordsViewController.swift in Sources */,
				4DAB21731B759070000A68F0 /* StatusImageView.swift in Sources */,
				4D6657E51B76D5F70035E817 /* AppViewController.swift in Sources */,
				4DAB21701B758E8C000A68F0 /* SettingsViewController.swift in Sources */,
				4D26F5EA1B7405E400CCEE62 /* NSData+CommonCrypto.m in Sources */,
				4DAB216E1B757591000A68F0 /* HelpViewController.swift in Sources */,
				4D8DE75E1B72D20300DFFA18 /* AppDelegate.swift in Sources */,
				4DB56FC41B72D2A900FBD858 /* PasswordGenerator.swift in Sources */,
				4D7D31531B7A373F00AB54CF /* LabelStepper.swift in Sources */,
				4DAB216C1B757117000A68F0 /* AboutViewController.swift in Sources */,
				4D26F5ED1B7407F300CCEE62 /* Constants.swift in Sources */,
			);
			runOnlyForDeploymentPostprocessing = 0;
		};
		4D8DE76A1B72D20300DFFA18 /* Sources */ = {
			isa = PBXSourcesBuildPhase;
			buildActionMask = 2147483647;
			files = (
				4DB91D381B730D7800FCC77E /* PasswordGeneratorTests.swift in Sources */,
				4DB91D3A1B730D9F00FCC77E /* KeychainTests.swift in Sources */,
			);
			runOnlyForDeploymentPostprocessing = 0;
		};
		4D8DE7751B72D20300DFFA18 /* Sources */ = {
			isa = PBXSourcesBuildPhase;
			buildActionMask = 2147483647;
			files = (
				4D8DE77E1B72D20300DFFA18 /* UberGenPassUITests.swift in Sources */,
			);
			runOnlyForDeploymentPostprocessing = 0;
		};
/* End PBXSourcesBuildPhase section */

/* Begin PBXTargetDependency section */
		4D8DE7701B72D20300DFFA18 /* PBXTargetDependency */ = {
			isa = PBXTargetDependency;
			target = 4D8DE7591B72D20300DFFA18 /* UberGenPass */;
			targetProxy = 4D8DE76F1B72D20300DFFA18 /* PBXContainerItemProxy */;
		};
		4D8DE77B1B72D20300DFFA18 /* PBXTargetDependency */ = {
			isa = PBXTargetDependency;
			target = 4D8DE7591B72D20300DFFA18 /* UberGenPass */;
			targetProxy = 4D8DE77A1B72D20300DFFA18 /* PBXContainerItemProxy */;
		};
/* End PBXTargetDependency section */

/* Begin PBXVariantGroup section */
		4D766A7D1B79358A00F40018 /* About.html */ = {
			isa = PBXVariantGroup;
			children = (
				4D766A7E1B79358A00F40018 /* Base */,
			);
			name = About.html;
			sourceTree = "<group>";
		};
		4D766A811B79358A00F40018 /* MainHelp.html */ = {
			isa = PBXVariantGroup;
			children = (
				4D766A821B79358A00F40018 /* Base */,
			);
			name = MainHelp.html;
			sourceTree = "<group>";
		};
		4D766A831B79358A00F40018 /* PasswordsHelp.html */ = {
			isa = PBXVariantGroup;
			children = (
				4D766A841B79358A00F40018 /* Base */,
			);
			name = PasswordsHelp.html;
			sourceTree = "<group>";
		};
		4D766A851B79358A00F40018 /* SettingsHelp.html */ = {
			isa = PBXVariantGroup;
			children = (
				4D766A861B79358A00F40018 /* Base */,
			);
			name = SettingsHelp.html;
			sourceTree = "<group>";
		};
		4D8DE7611B72D20300DFFA18 /* Main.storyboard */ = {
			isa = PBXVariantGroup;
			children = (
				4D8DE7621B72D20300DFFA18 /* Base */,
			);
			name = Main.storyboard;
			sourceTree = "<group>";
		};
		4D8DE7661B72D20300DFFA18 /* LaunchScreen.storyboard */ = {
			isa = PBXVariantGroup;
			children = (
				4D8DE7671B72D20300DFFA18 /* Base */,
			);
			name = LaunchScreen.storyboard;
			path = ..;
			sourceTree = "<group>";
		};
		4DE172CF1B7ADEA800162A42 /* Localizable.strings */ = {
			isa = PBXVariantGroup;
			children = (
				4DE172D01B7ADEA800162A42 /* Base */,
			);
			name = Localizable.strings;
			path = ..;
			sourceTree = "<group>";
		};
/* End PBXVariantGroup section */

/* Begin XCBuildConfiguration section */
		4D8DE7801B72D20300DFFA18 /* Debug */ = {
			isa = XCBuildConfiguration;
			buildSettings = {
				ALWAYS_SEARCH_USER_PATHS = NO;
				CLANG_ANALYZER_LOCALIZABILITY_NONLOCALIZED = YES;
				CLANG_CXX_LANGUAGE_STANDARD = "gnu++0x";
				CLANG_CXX_LIBRARY = "libc++";
				CLANG_ENABLE_MODULES = YES;
				CLANG_ENABLE_OBJC_ARC = YES;
				CLANG_WARN_BLOCK_CAPTURE_AUTORELEASING = YES;
				CLANG_WARN_BOOL_CONVERSION = YES;
				CLANG_WARN_COMMA = YES;
				CLANG_WARN_CONSTANT_CONVERSION = YES;
				CLANG_WARN_DEPRECATED_OBJC_IMPLEMENTATIONS = YES;
				CLANG_WARN_DIRECT_OBJC_ISA_USAGE = YES_ERROR;
				CLANG_WARN_EMPTY_BODY = YES;
				CLANG_WARN_ENUM_CONVERSION = YES;
				CLANG_WARN_INFINITE_RECURSION = YES;
				CLANG_WARN_INT_CONVERSION = YES;
				CLANG_WARN_NON_LITERAL_NULL_CONVERSION = YES;
				CLANG_WARN_OBJC_IMPLICIT_RETAIN_SELF = YES;
				CLANG_WARN_OBJC_LITERAL_CONVERSION = YES;
				CLANG_WARN_OBJC_ROOT_CLASS = YES_ERROR;
				CLANG_WARN_QUOTED_INCLUDE_IN_FRAMEWORK_HEADER = YES;
				CLANG_WARN_RANGE_LOOP_ANALYSIS = YES;
				CLANG_WARN_STRICT_PROTOTYPES = YES;
				CLANG_WARN_SUSPICIOUS_MOVE = YES;
				CLANG_WARN_UNREACHABLE_CODE = YES;
				CLANG_WARN__DUPLICATE_METHOD_MATCH = YES;
				"CODE_SIGN_IDENTITY[sdk=iphoneos*]" = "iPhone Developer: Mark Smith (BTWH9L8Z29)";
				COPY_PHASE_STRIP = NO;
				DEBUG_INFORMATION_FORMAT = "dwarf-with-dsym";
				ENABLE_BITCODE = NO;
				ENABLE_STRICT_OBJC_MSGSEND = YES;
				ENABLE_TESTABILITY = YES;
				GCC_C_LANGUAGE_STANDARD = gnu99;
				GCC_DYNAMIC_NO_PIC = NO;
				GCC_NO_COMMON_BLOCKS = YES;
				GCC_OPTIMIZATION_LEVEL = 0;
				GCC_PREPROCESSOR_DEFINITIONS = (
					"DEBUG=1",
					"$(inherited)",
				);
				GCC_WARN_64_TO_32_BIT_CONVERSION = YES;
				GCC_WARN_ABOUT_RETURN_TYPE = YES_ERROR;
				GCC_WARN_UNDECLARED_SELECTOR = YES;
				GCC_WARN_UNINITIALIZED_AUTOS = YES_AGGRESSIVE;
				GCC_WARN_UNUSED_FUNCTION = YES;
				GCC_WARN_UNUSED_VARIABLE = YES;
				IPHONEOS_DEPLOYMENT_TARGET = 12.0;
				MTL_ENABLE_DEBUG_INFO = YES;
				ONLY_ACTIVE_ARCH = YES;
				SDKROOT = iphoneos;
				SWIFT_OPTIMIZATION_LEVEL = "-Onone";
				SWIFT_VERSION = 5.0;
			};
			name = Debug;
		};
		4D8DE7811B72D20300DFFA18 /* Release */ = {
			isa = XCBuildConfiguration;
			buildSettings = {
				ALWAYS_SEARCH_USER_PATHS = NO;
				CLANG_ANALYZER_LOCALIZABILITY_NONLOCALIZED = YES;
				CLANG_CXX_LANGUAGE_STANDARD = "gnu++0x";
				CLANG_CXX_LIBRARY = "libc++";
				CLANG_ENABLE_MODULES = YES;
				CLANG_ENABLE_OBJC_ARC = YES;
				CLANG_WARN_BLOCK_CAPTURE_AUTORELEASING = YES;
				CLANG_WARN_BOOL_CONVERSION = YES;
				CLANG_WARN_COMMA = YES;
				CLANG_WARN_CONSTANT_CONVERSION = YES;
				CLANG_WARN_DEPRECATED_OBJC_IMPLEMENTATIONS = YES;
				CLANG_WARN_DIRECT_OBJC_ISA_USAGE = YES_ERROR;
				CLANG_WARN_EMPTY_BODY = YES;
				CLANG_WARN_ENUM_CONVERSION = YES;
				CLANG_WARN_INFINITE_RECURSION = YES;
				CLANG_WARN_INT_CONVERSION = YES;
				CLANG_WARN_NON_LITERAL_NULL_CONVERSION = YES;
				CLANG_WARN_OBJC_IMPLICIT_RETAIN_SELF = YES;
				CLANG_WARN_OBJC_LITERAL_CONVERSION = YES;
				CLANG_WARN_OBJC_ROOT_CLASS = YES_ERROR;
				CLANG_WARN_QUOTED_INCLUDE_IN_FRAMEWORK_HEADER = YES;
				CLANG_WARN_RANGE_LOOP_ANALYSIS = YES;
				CLANG_WARN_STRICT_PROTOTYPES = YES;
				CLANG_WARN_SUSPICIOUS_MOVE = YES;
				CLANG_WARN_UNREACHABLE_CODE = YES;
				CLANG_WARN__DUPLICATE_METHOD_MATCH = YES;
				"CODE_SIGN_IDENTITY[sdk=iphoneos*]" = "iPhone Distribution: Camazotz Limited (G7ZK42W7RU)";
				COPY_PHASE_STRIP = NO;
				DEBUG_INFORMATION_FORMAT = "dwarf-with-dsym";
				ENABLE_BITCODE = NO;
				ENABLE_NS_ASSERTIONS = NO;
				ENABLE_STRICT_OBJC_MSGSEND = YES;
				GCC_C_LANGUAGE_STANDARD = gnu99;
				GCC_NO_COMMON_BLOCKS = YES;
				GCC_WARN_64_TO_32_BIT_CONVERSION = YES;
				GCC_WARN_ABOUT_RETURN_TYPE = YES_ERROR;
				GCC_WARN_UNDECLARED_SELECTOR = YES;
				GCC_WARN_UNINITIALIZED_AUTOS = YES_AGGRESSIVE;
				GCC_WARN_UNUSED_FUNCTION = YES;
				GCC_WARN_UNUSED_VARIABLE = YES;
				IPHONEOS_DEPLOYMENT_TARGET = 12.0;
				MTL_ENABLE_DEBUG_INFO = NO;
				SDKROOT = iphoneos;
				SWIFT_COMPILATION_MODE = wholemodule;
				SWIFT_VERSION = 5.0;
				VALIDATE_PRODUCT = YES;
			};
			name = Release;
		};
		4D8DE7831B72D20300DFFA18 /* Debug */ = {
			isa = XCBuildConfiguration;
			baseConfigurationReference = C36C66A67C4EFA2662918AE8 /* Pods-UberGenPass.debug.xcconfig */;
			buildSettings = {
				ASSETCATALOG_COMPILER_APPICON_NAME = AppIcon;
				CLANG_ENABLE_MODULES = YES;
				CODE_SIGN_IDENTITY = "Apple Development";
				CODE_SIGN_STYLE = Automatic;
				CURRENT_PROJECT_VERSION = 1;
				DEVELOPMENT_TEAM = G7ZK42W7RU;
				INFOPLIST_FILE = UberGenPass/Info.plist;
				INFOPLIST_KEY_LSApplicationCategoryType = "public.app-category.utilities";
				IPHONEOS_DEPLOYMENT_TARGET = 12.0;
				LD_RUNPATH_SEARCH_PATHS = (
					"$(inherited)",
					"@executable_path/Frameworks",
				);
				MARKETING_VERSION = 5.0.0;
				PRODUCT_BUNDLE_IDENTIFIER = com.camazotz.UberGenPass;
				PRODUCT_NAME = "$(TARGET_NAME)";
				PROVISIONING_PROFILE_SPECIFIER = "";
				SWIFT_OBJC_BRIDGING_HEADER = "UberGenPass/UberGenPass-Bridging-Header.h";
				SWIFT_OPTIMIZATION_LEVEL = "-Onone";
				TARGETED_DEVICE_FAMILY = 1;
			};
			name = Debug;
		};
		4D8DE7841B72D20300DFFA18 /* Release */ = {
			isa = XCBuildConfiguration;
			baseConfigurationReference = 130277A169D00491226983A8 /* Pods-UberGenPass.release.xcconfig */;
			buildSettings = {
				ASSETCATALOG_COMPILER_APPICON_NAME = AppIcon;
				CLANG_ENABLE_MODULES = YES;
				CODE_SIGN_IDENTITY = "Apple Development";
				CODE_SIGN_STYLE = Automatic;
				CURRENT_PROJECT_VERSION = 1;
				DEVELOPMENT_TEAM = G7ZK42W7RU;
				INFOPLIST_FILE = UberGenPass/Info.plist;
				INFOPLIST_KEY_LSApplicationCategoryType = "public.app-category.utilities";
				IPHONEOS_DEPLOYMENT_TARGET = 12.0;
				LD_RUNPATH_SEARCH_PATHS = (
					"$(inherited)",
					"@executable_path/Frameworks",
				);
				MARKETING_VERSION = 5.0.0;
				PRODUCT_BUNDLE_IDENTIFIER = com.camazotz.UberGenPass;
				PRODUCT_NAME = "$(TARGET_NAME)";
				PROVISIONING_PROFILE_SPECIFIER = "";
				SWIFT_OBJC_BRIDGING_HEADER = "UberGenPass/UberGenPass-Bridging-Header.h";
				TARGETED_DEVICE_FAMILY = 1;
			};
			name = Release;
		};
		4D8DE7861B72D20300DFFA18 /* Debug */ = {
			isa = XCBuildConfiguration;
			buildSettings = {
				BUNDLE_LOADER = "$(TEST_HOST)";
				INFOPLIST_FILE = UberGenPassTests/Info.plist;
				LD_RUNPATH_SEARCH_PATHS = (
					"$(inherited)",
					"@executable_path/Frameworks",
					"@loader_path/Frameworks",
				);
				PRODUCT_BUNDLE_IDENTIFIER = com.camazotz.UberGenPassTests;
				PRODUCT_NAME = "$(TARGET_NAME)";
				TEST_HOST = "$(BUILT_PRODUCTS_DIR)/UberGenPass.app/UberGenPass";
			};
			name = Debug;
		};
		4D8DE7871B72D20300DFFA18 /* Release */ = {
			isa = XCBuildConfiguration;
			buildSettings = {
				BUNDLE_LOADER = "$(TEST_HOST)";
				INFOPLIST_FILE = UberGenPassTests/Info.plist;
				LD_RUNPATH_SEARCH_PATHS = (
					"$(inherited)",
					"@executable_path/Frameworks",
					"@loader_path/Frameworks",
				);
				PRODUCT_BUNDLE_IDENTIFIER = com.camazotz.UberGenPassTests;
				PRODUCT_NAME = "$(TARGET_NAME)";
				TEST_HOST = "$(BUILT_PRODUCTS_DIR)/UberGenPass.app/UberGenPass";
			};
			name = Release;
		};
		4D8DE7891B72D20300DFFA18 /* Debug */ = {
			isa = XCBuildConfiguration;
			buildSettings = {
				INFOPLIST_FILE = UberGenPassUITests/Info.plist;
				LD_RUNPATH_SEARCH_PATHS = (
					"$(inherited)",
					"@executable_path/Frameworks",
					"@loader_path/Frameworks",
				);
				PRODUCT_BUNDLE_IDENTIFIER = com.camazotz.UberGenPassUITests;
				PRODUCT_NAME = "$(TARGET_NAME)";
				PROVISIONING_PROFILE = "";
				TEST_TARGET_NAME = UberGenPass;
				USES_XCTRUNNER = YES;
			};
			name = Debug;
		};
		4D8DE78A1B72D20300DFFA18 /* Release */ = {
			isa = XCBuildConfiguration;
			buildSettings = {
				INFOPLIST_FILE = UberGenPassUITests/Info.plist;
				LD_RUNPATH_SEARCH_PATHS = (
					"$(inherited)",
					"@executable_path/Frameworks",
					"@loader_path/Frameworks",
				);
				PRODUCT_BUNDLE_IDENTIFIER = com.camazotz.UberGenPassUITests;
				PRODUCT_NAME = "$(TARGET_NAME)";
				PROVISIONING_PROFILE = "";
				TEST_TARGET_NAME = UberGenPass;
				USES_XCTRUNNER = YES;
			};
			name = Release;
		};
/* End XCBuildConfiguration section */

/* Begin XCConfigurationList section */
		4D8DE7551B72D20300DFFA18 /* Build configuration list for PBXProject "UberGenPass" */ = {
			isa = XCConfigurationList;
			buildConfigurations = (
				4D8DE7801B72D20300DFFA18 /* Debug */,
				4D8DE7811B72D20300DFFA18 /* Release */,
			);
			defaultConfigurationIsVisible = 0;
			defaultConfigurationName = Release;
		};
		4D8DE7821B72D20300DFFA18 /* Build configuration list for PBXNativeTarget "UberGenPass" */ = {
			isa = XCConfigurationList;
			buildConfigurations = (
				4D8DE7831B72D20300DFFA18 /* Debug */,
				4D8DE7841B72D20300DFFA18 /* Release */,
			);
			defaultConfigurationIsVisible = 0;
			defaultConfigurationName = Release;
		};
		4D8DE7851B72D20300DFFA18 /* Build configuration list for PBXNativeTarget "UberGenPassTests" */ = {
			isa = XCConfigurationList;
			buildConfigurations = (
				4D8DE7861B72D20300DFFA18 /* Debug */,
				4D8DE7871B72D20300DFFA18 /* Release */,
			);
			defaultConfigurationIsVisible = 0;
			defaultConfigurationName = Release;
		};
		4D8DE7881B72D20300DFFA18 /* Build configuration list for PBXNativeTarget "UberGenPassUITests" */ = {
			isa = XCConfigurationList;
			buildConfigurations = (
				4D8DE7891B72D20300DFFA18 /* Debug */,
				4D8DE78A1B72D20300DFFA18 /* Release */,
			);
			defaultConfigurationIsVisible = 0;
			defaultConfigurationName = Release;
		};
/* End XCConfigurationList section */
	};
	rootObject = 4D8DE7521B72D20300DFFA18 /* Project object */;
}
